{"is_source_file": false, "format": "", "description": "", "external_files": [], "external_methods": [], "published": [], "classes": [], "methods": [], "calls": [], "search-terms": [], "state": 2, "file_id": 3, "knowledge_revision": 24, "git_revision": "8d2daf662f22f9b6e6f4cc17db22e94c13160da9", "filename": "/tmp/kavia/workspace/code-generation/weatherwave-125702-125709/main_container_for_weatherwave/post_process_status.lock", "hash": "e9b4c3b42cef0193b7fddb548d37e652", "format-version": 4, "code-base-name": "default", "revision_history": [{"24": "8d2daf662f22f9b6e6f4cc17db22e94c13160da9"}]}